
Microsoft Visual Studio Solution File, Format Version 12.00
# Visual Studio Version 16
VisualStudioVersion = 16.0.31410.357
MinimumVisualStudioVersion = 10.0.40219.1
Project("{FAE04EC0-301F-11D3-BF4B-00C04F79EFBC}") = "paacman", "paacman\paacman.csproj", "{4CFC7A7C-F90A-4B54-82C1-A6EAAC47559B}"
EndProject
Global
	GlobalSection(SolutionConfigurationPlatforms) = preSolution
		Debug|Any CPU = Debug|Any CPU
		Release|Any CPU = Release|Any CPU
	EndGlobalSection
	GlobalSection(ProjectConfigurationPlatforms) = postSolution
		{4CFC7A7C-F90A-4B54-82C1-A6EAAC47559B}.Debug|Any CPU.ActiveCfg = Debug|Any CPU
		{4CFC7A7C-F90A-4B54-82C1-A6EAAC47559B}.Debug|Any CPU.Build.0 = Debug|Any CPU
		{4CFC7A7C-F90A-4B54-82C1-A6EAAC47559B}.Release|Any CPU.ActiveCfg = Release|Any CPU
		{4CFC7A7C-F90A-4B54-82C1-A6EAAC47559B}.Release|Any CPU.Build.0 = Release|Any CPU
	EndGlobalSection
	GlobalSection(SolutionProperties) = preSolution
		HideSolutionNode = FALSE
	EndGlobalSection
	GlobalSection(ExtensibilityGlobals) = postSolution
		SolutionGuid = {6A8C2863-FEDA-4AD6-97D4-016585D02574}
	EndGlobalSection
EndGlobal
